<?xml version="1.0" encoding="UTF-8" standalone="yes" ?>
<CodeBlocks_project_file>
	<FileVersion major="1" minor="6" />
	<Project>
		<Option title="turboscroll" />
		<Option pch_mode="2" />
		<Option compiler="gcc" />
		<Build>
			<Target title="Release">
				<Option output="turboscroll" prefix_auto="1" extension_auto="1" />
				<Option object_output="C:/cpp/turboscroll/.objs" />
				<Option type="0" />
				<Option compiler="gcc" />
				<Compiler>
					<Add option="-O2" />
				</Compiler>
				<Linker>
					<Add option="-s" />
				</Linker>
			</Target>
		</Build>
		<Compiler>
			<Add option="-Wall" />
		</Compiler>
		<Linker>
			<Add library="C:\Program Files (x86)\CodeBlocks\MinGW\lib\libSOIL.a" />
			<Add library="C:\Program Files (x86)\CodeBlocks\MinGW\lib\OpenAL32.lib" />
			<Add library="C:\Program Files (x86)\CodeBlocks\MinGW\lib\XInput32.lib" />
			<Add library="C:\Program Files (x86)\CodeBlocks\MinGW\lib\XInput64.lib" />
			<Add library="opengl32" />
			<Add library="glu32" />
			<Add library="gdi32" />
			<Add library="C:\Program Files (x86)\CodeBlocks\MinGW\lib\ogg.lib" />
			<Add library="C:\Program Files (x86)\CodeBlocks\MinGW\lib\vorbis.lib" />
			<Add library="C:\Program Files (x86)\CodeBlocks\MinGW\lib\vorbisfile.lib" />
		</Linker>
		<Unit filename="definitions.h" />
		<Unit filename="game.cpp" />
		<Unit filename="game.h" />
		<Unit filename="gamepad.cpp" />
		<Unit filename="gamepad.h" />
		<Unit filename="hat.cpp" />
		<Unit filename="hat.h" />
		<Unit filename="main.cpp" />
		<Unit filename="object.cpp" />
		<Unit filename="object.h" />
		<Unit filename="player.cpp" />
		<Unit filename="player.h" />
		<Unit filename="rack.cpp" />
		<Unit filename="rack.h" />
		<Unit filename="sound.cpp" />
		<Unit filename="sound.h" />
		<Unit filename="sound_list.h" />
		<Extensions>
			<code_completion />
			<envvars />
			<debugger />
			<lib_finder disable_auto="1" />
		</Extensions>
	</Project>
</CodeBlocks_project_file>
